
Microsoft Visual Studio Solution File, Format Version 12.00
# Visual Studio 15
VisualStudioVersion = 15.0.27130.2027
MinimumVisualStudioVersion = 10.0.40219.1
Project("{00D1A9C2-B5F0-4AF3-8072-F6C62B433612}") = "Database1", "Database1\Database1.sqlproj", "{540A0503-DC7B-44A0-8B6C-0FF47DD1AC8E}"
EndProject
Global
	GlobalSection(SolutionConfigurationPlatforms) = preSolution
		Debug|Any CPU = Debug|Any CPU
		Release|Any CPU = Release|Any CPU
	EndGlobalSection
	GlobalSection(ProjectConfigurationPlatforms) = postSolution
		{540A0503-DC7B-44A0-8B6C-0FF47DD1AC8E}.Debug|Any CPU.ActiveCfg = Debug|Any CPU
		{540A0503-DC7B-44A0-8B6C-0FF47DD1AC8E}.Debug|Any CPU.Build.0 = Debug|Any CPU
		{540A0503-DC7B-44A0-8B6C-0FF47DD1AC8E}.Debug|Any CPU.Deploy.0 = Debug|Any CPU
		{540A0503-DC7B-44A0-8B6C-0FF47DD1AC8E}.Release|Any CPU.ActiveCfg = Release|Any CPU
		{540A0503-DC7B-44A0-8B6C-0FF47DD1AC8E}.Release|Any CPU.Build.0 = Release|Any CPU
		{540A0503-DC7B-44A0-8B6C-0FF47DD1AC8E}.Release|Any CPU.Deploy.0 = Release|Any CPU
	EndGlobalSection
	GlobalSection(SolutionProperties) = preSolution
		HideSolutionNode = FALSE
	EndGlobalSection
	GlobalSection(ExtensibilityGlobals) = postSolution
		SolutionGuid = {3643EEAD-660F-4F7D-90B6-C4895A3CB572}
	EndGlobalSection
EndGlobal
